// !$*UTF8*$!
{
	archiveVersion = 1;
	classes = {
	};
	objectVersion = 48;
	objects = {

/* Begin PBXBuildFile section */
		722D3E001FEF905100F22B89 /* AppDelegate.m in Sources */ = {isa = PBXBuildFile; fileRef = 722D3DFF1FEF905100F22B89 /* AppDelegate.m */; };
		722D3E031FEF905100F22B89 /* ViewController.m in Sources */ = {isa = PBXBuildFile; fileRef = 722D3E021FEF905100F22B89 /* ViewController.m */; };
		722D3E061FEF905200F22B89 /* Main.storyboard in Resources */ = {isa = PBXBuildFile; fileRef = 722D3E041FEF905200F22B89 /* Main.storyboard */; };
		722D3E081FEF905200F22B89 /* Assets.xcassets in Resources */ = {isa = PBXBuildFile; fileRef = 722D3E071FEF905200F22B89 /* Assets.xcassets */; };
		722D3E0B1FEF905200F22B89 /* LaunchScreen.storyboard in Resources */ = {isa = PBXBuildFile; fileRef = 722D3E091FEF905200F22B89 /* LaunchScreen.storyboard */; };
		722D3E0E1FEF905200F22B89 /* main.m in Sources */ = {isa = PBXBuildFile; fileRef = 722D3E0D1FEF905200F22B89 /* main.m */; };
		722D3E161FEF909400F22B89 /* WebViewController.m in Sources */ = {isa = PBXBuildFile; fileRef = 722D3E151FEF909400F22B89 /* WebViewController.m */; };
/* End PBXBuildFile section */

/* Begin PBXFileReference section */
		722D3DFB1FEF905100F22B89 /* TextWKWebView.app */ = {isa = PBXFileReference; explicitFileType = wrapper.application; includeInIndex = 0; path = TextWKWebView.app; sourceTree = BUILT_PRODUCTS_DIR; };
		722D3DFE1FEF905100F22B89 /* AppDelegate.h */ = {isa = PBXFileReference; lastKnownFileType = sourcecode.c.h; path = AppDelegate.h; sourceTree = "<group>"; };
		722D3DFF1FEF905100F22B89 /* AppDelegate.m */ = {isa = PBXFileReference; lastKnownFileType = sourcecode.c.objc; path = AppDelegate.m; sourceTree = "<group>"; };
		722D3E011FEF905100F22B89 /* ViewController.h */ = {isa = PBXFileReference; lastKnownFileType = sourcecode.c.h; path = ViewController.h; sourceTree = "<group>"; };
		722D3E021FEF905100F22B89 /* ViewController.m */ = {isa = PBXFileReference; lastKnownFileType = sourcecode.c.objc; path = ViewController.m; sourceTree = "<group>"; };
		722D3E051FEF905200F22B89 /* Base */ = {isa = PBXFileReference; lastKnownFileType = file.storyboard; name = Base; path = Base.lproj/Main.storyboard; sourceTree = "<group>"; };
		722D3E071FEF905200F22B89 /* Assets.xcassets */ = {isa = PBXFileReference; lastKnownFileType = folder.assetcatalog; path = Assets.xcassets; sourceTree = "<group>"; };
		722D3E0A1FEF905200F22B89 /* Base */ = {isa = PBXFileReference; lastKnownFileType = file.storyboard; name = Base; path = Base.lproj/LaunchScreen.storyboard; sourceTree = "<group>"; };
		722D3E0C1FEF905200F22B89 /* Info.plist */ = {isa = PBXFileReference; lastKnownFileType = text.plist.xml; path = Info.plist; sourceTree = "<group>"; };
		722D3E0D1FEF905200F22B89 /* main.m */ = {isa = PBXFileReference; lastKnownFileType = sourcecode.c.objc; path = main.m; sourceTree = "<group>"; };
		722D3E141FEF909400F22B89 /* WebViewController.h */ = {isa = PBXFileReference; lastKnownFileType = sourcecode.c.h; path = WebViewController.h; sourceTree = "<group>"; };
		722D3E151FEF909400F22B89 /* WebViewController.m */ = {isa = PBXFileReference; lastKnownFileType = sourcecode.c.objc; path = WebViewController.m; sourceTree = "<group>"; };
/* End PBXFileReference section */

/* Begin PBXFrameworksBuildPhase section */
		722D3DF81FEF905100F22B89 /* Frameworks */ = {
			isa = PBXFrameworksBuildPhase;
			buildActionMask = 2147483647;
			files = (
			);
			runOnlyForDeploymentPostprocessing = 0;
		};
/* End PBXFrameworksBuildPhase section */

/* Begin PBXGroup section */
		722D3DF21FEF905100F22B89 = {
			isa = PBXGroup;
			children = (
				722D3DFD1FEF905100F22B89 /* TextWKWebView */,
				722D3DFC1FEF905100F22B89 /* Products */,
			);
			sourceTree = "<group>";
		};
		722D3DFC1FEF905100F22B89 /* Products */ = {
			isa = PBXGroup;
			children = (
				722D3DFB1FEF905100F22B89 /* TextWKWebView.app */,
			);
			name = Products;
			sourceTree = "<group>";
		};
		722D3DFD1FEF905100F22B89 /* TextWKWebView */ = {
			isa = PBXGroup;
			children = (
				722D3DFE1FEF905100F22B89 /* AppDelegate.h */,
				722D3DFF1FEF905100F22B89 /* AppDelegate.m */,
				722D3E011FEF905100F22B89 /* ViewController.h */,
				722D3E021FEF905100F22B89 /* ViewController.m */,
				722D3E141FEF909400F22B89 /* WebViewController.h */,
				722D3E151FEF909400F22B89 /* WebViewController.m */,
				722D3E041FEF905200F22B89 /* Main.storyboard */,
				722D3E071FEF905200F22B89 /* Assets.xcassets */,
				722D3E091FEF905200F22B89 /* LaunchScreen.storyboard */,
				722D3E0C1FEF905200F22B89 /* Info.plist */,
				722D3E0D1FEF905200F22B89 /* main.m */,
			);
			path = TextWKWebView;
			sourceTree = "<group>";
		};
/* End PBXGroup section */

/* Begin PBXNativeTarget section */
		722D3DFA1FEF905100F22B89 /* TextWKWebView */ = {
			isa = PBXNativeTarget;
			buildConfigurationList = 722D3E111FEF905200F22B89 /* Build configuration list for PBXNativeTarget "TextWKWebView" */;
			buildPhases = (
				722D3DF71FEF905100F22B89 /* Sources */,
				722D3DF81FEF905100F22B89 /* Frameworks */,
				722D3DF91FEF905100F22B89 /* Resources */,
			);
			buildRules = (
			);
			dependencies = (
			);
			name = TextWKWebView;
			productName = TextWKWebView;
			productReference = 722D3DFB1FEF905100F22B89 /* TextWKWebView.app */;
			productType = "com.apple.product-type.application";
		};
/* End PBXNativeTarget section */

/* Begin PBXProject section */
		722D3DF31FEF905100F22B89 /* Project object */ = {
			isa = PBXProject;
			attributes = {
				LastUpgradeCheck = 0920;
				ORGANIZATIONNAME = "毛韶谦";
				TargetAttributes = {
					722D3DFA1FEF905100F22B89 = {
						CreatedOnToolsVersion = 9.2;
						ProvisioningStyle = Automatic;
					};
				};
			};
			buildConfigurationList = 722D3DF61FEF905100F22B89 /* Build configuration list for PBXProject "TextWKWebView" */;
			compatibilityVersion = "Xcode 8.0";
			developmentRegion = en;
			hasScannedForEncodings = 0;
			knownRegions = (
				en,
				Base,
			);
			mainGroup = 722D3DF21FEF905100F22B89;
			productRefGroup = 722D3DFC1FEF905100F22B89 /* Products */;
			projectDirPath = "";
			projectRoot = "";
			targets = (
				722D3DFA1FEF905100F22B89 /* TextWKWebView */,
			);
		};
/* End PBXProject section */

/* Begin PBXResourcesBuildPhase section */
		722D3DF91FEF905100F22B89 /* Resources */ = {
			isa = PBXResourcesBuildPhase;
			buildActionMask = 2147483647;
			files = (
				722D3E0B1FEF905200F22B89 /* LaunchScreen.storyboard in Resources */,
				722D3E081FEF905200F22B89 /* Assets.xcassets in Resources */,
				722D3E061FEF905200F22B89 /* Main.storyboard in Resources */,
			);
			runOnlyForDeploymentPostprocessing = 0;
		};
/* End PBXResourcesBuildPhase section */

/* Begin PBXSourcesBuildPhase section */
		722D3DF71FEF905100F22B89 /* Sources */ = {
			isa = PBXSourcesBuildPhase;
			buildActionMask = 2147483647;
			files = (
				722D3E031FEF905100F22B89 /* ViewController.m in Sources */,
				722D3E0E1FEF905200F22B89 /* main.m in Sources */,
				722D3E001FEF905100F22B89 /* AppDelegate.m in Sources */,
				722D3E161FEF909400F22B89 /* WebViewController.m in Sources */,
			);
			runOnlyForDeploymentPostprocessing = 0;
		};
/* End PBXSourcesBuildPhase section */

/* Begin PBXVariantGroup section */
		722D3E041FEF905200F22B89 /* Main.storyboard */ = {
			isa = PBXVariantGroup;
			children = (
				722D3E051FEF905200F22B89 /* Base */,
			);
			name = Main.storyboard;
			sourceTree = "<group>";
		};
		722D3E091FEF905200F22B89 /* LaunchScreen.storyboard */ = {
			isa = PBXVariantGroup;
			children = (
				722D3E0A1FEF905200F22B89 /* Base */,
			);
			name = LaunchScreen.storyboard;
			sourceTree = "<group>";
		};
/* End PBXVariantGroup section */

/* Begin XCBuildConfiguration section */
		722D3E0F1FEF905200F22B89 /* Debug */ = {
			isa = XCBuildConfiguration;
			buildSettings = {
				ALWAYS_SEARCH_USER_PATHS = NO;
				CLANG_ANALYZER_NONNULL = YES;
				CLANG_ANALYZER_NUMBER_OBJECT_CONVERSION = YES_AGGRESSIVE;
				CLANG_CXX_LANGUAGE_STANDARD = "gnu++14";
				CLANG_CXX_LIBRARY = "libc++";
				CLANG_ENABLE_MODULES = YES;
				CLANG_ENABLE_OBJC_ARC = YES;
				CLANG_WARN_BLOCK_CAPTURE_AUTORELEASING = YES;
				CLANG_WARN_BOOL_CONVERSION = YES;
				CLANG_WARN_COMMA = YES;
				CLANG_WARN_CONSTANT_CONVERSION = YES;
				CLANG_WARN_DIRECT_OBJC_ISA_USAGE = YES_ERROR;
				CLANG_WARN_DOCUMENTATION_COMMENTS = YES;
				CLANG_WARN_EMPTY_BODY = YES;
				CLANG_WARN_ENUM_CONVERSION = YES;
				CLANG_WARN_INFINITE_RECURSION = YES;
				CLANG_WARN_INT_CONVERSION = YES;
				CLANG_WARN_NON_LITERAL_NULL_CONVERSION = YES;
				CLANG_WARN_OBJC_LITERAL_CONVERSION = YES;
				CLANG_WARN_OBJC_ROOT_CLASS = YES_ERROR;
				CLANG_WARN_RANGE_LOOP_ANALYSIS = YES;
				CLANG_WARN_STRICT_PROTOTYPES = YES;
				CLANG_WARN_SUSPICIOUS_MOVE = YES;
				CLANG_WARN_UNGUARDED_AVAILABILITY = YES_AGGRESSIVE;
				CLANG_WARN_UNREACHABLE_CODE = YES;
				CLANG_WARN__DUPLICATE_METHOD_MATCH = YES;
				CODE_SIGN_IDENTITY = "iPhone Developer";
				COPY_PHASE_STRIP = NO;
				DEBUG_INFORMATION_FORMAT = dwarf;
				ENABLE_STRICT_OBJC_MSGSEND = YES;
				ENABLE_TESTABILITY = YES;
				GCC_C_LANGUAGE_STANDARD = gnu11;
				GCC_DYNAMIC_NO_PIC = NO;
				GCC_NO_COMMON_BLOCKS = YES;
				GCC_OPTIMIZATION_LEVEL = 0;
				GCC_PREPROCESSOR_DEFINITIONS = (
					"DEBUG=1",
					"$(inherited)",
				);
				GCC_WARN_64_TO_32_BIT_CONVERSION = YES;
				GCC_WARN_ABOUT_RETURN_TYPE = YES_ERROR;
				GCC_WARN_UNDECLARED_SELECTOR = YES;
				GCC_WARN_UNINITIALIZED_AUTOS = YES_AGGRESSIVE;
				GCC_WARN_UNUSED_FUNCTION = YES;
				GCC_WARN_UNUSED_VARIABLE = YES;
				IPHONEOS_DEPLOYMENT_TARGET = 11.2;
				MTL_ENABLE_DEBUG_INFO = YES;
				ONLY_ACTIVE_ARCH = YES;
				SDKROOT = iphoneos;
			};
			name = Debug;
		};
		722D3E101FEF905200F22B89 /* Release */ = {
			isa = XCBuildConfiguration;
			buildSettings = {
				ALWAYS_SEARCH_USER_PATHS = NO;
				CLANG_ANALYZER_NONNULL = YES;
				CLANG_ANALYZER_NUMBER_OBJECT_CONVERSION = YES_AGGRESSIVE;
				CLANG_CXX_LANGUAGE_STANDARD = "gnu++14";
				CLANG_CXX_LIBRARY = "libc++";
				CLANG_ENABLE_MODULES = YES;
				CLANG_ENABLE_OBJC_ARC = YES;
				CLANG_WARN_BLOCK_CAPTURE_AUTORELEASING = YES;
				CLANG_WARN_BOOL_CONVERSION = YES;
				CLANG_WARN_COMMA = YES;
				CLANG_WARN_CONSTANT_CONVERSION = YES;
				CLANG_WARN_DIRECT_OBJC_ISA_USAGE = YES_ERROR;
				CLANG_WARN_DOCUMENTATION_COMMENTS = YES;
				CLANG_WARN_EMPTY_BODY = YES;
				CLANG_WARN_ENUM_CONVERSION = YES;
				CLANG_WARN_INFINITE_RECURSION = YES;
				CLANG_WARN_INT_CONVERSION = YES;
				CLANG_WARN_NON_LITERAL_NULL_CONVERSION = YES;
				CLANG_WARN_OBJC_LITERAL_CONVERSION = YES;
				CLANG_WARN_OBJC_ROOT_CLASS = YES_ERROR;
				CLANG_WARN_RANGE_LOOP_ANALYSIS = YES;
				CLANG_WARN_STRICT_PROTOTYPES = YES;
				CLANG_WARN_SUSPICIOUS_MOVE = YES;
				CLANG_WARN_UNGUARDED_AVAILABILITY = YES_AGGRESSIVE;
				CLANG_WARN_UNREACHABLE_CODE = YES;
				CLANG_WARN__DUPLICATE_METHOD_MATCH = YES;
				CODE_SIGN_IDENTITY = "iPhone Developer";
				COPY_PHASE_STRIP = NO;
				DEBUG_INFORMATION_FORMAT = "dwarf-with-dsym";
				ENABLE_NS_ASSERTIONS = NO;
				ENABLE_STRICT_OBJC_MSGSEND = YES;
				GCC_C_LANGUAGE_STANDARD = gnu11;
				GCC_NO_COMMON_BLOCKS = YES;
				GCC_WARN_64_TO_32_BIT_CONVERSION = YES;
				GCC_WARN_ABOUT_RETURN_TYPE = YES_ERROR;
				GCC_WARN_UNDECLARED_SELECTOR = YES;
				GCC_WARN_UNINITIALIZED_AUTOS = YES_AGGRESSIVE;
				GCC_WARN_UNUSED_FUNCTION = YES;
				GCC_WARN_UNUSED_VARIABLE = YES;
				IPHONEOS_DEPLOYMENT_TARGET = 11.2;
				MTL_ENABLE_DEBUG_INFO = NO;
				SDKROOT = iphoneos;
				VALIDATE_PRODUCT = YES;
			};
			name = Release;
		};
		722D3E121FEF905200F22B89 /* Debug */ = {
			isa = XCBuildConfiguration;
			buildSettings = {
				ASSETCATALOG_COMPILER_APPICON_NAME = AppIcon;
				CODE_SIGN_STYLE = Automatic;
				DEVELOPMENT_TEAM = H8XYQ5SRK2;
				INFOPLIST_FILE = TextWKWebView/Info.plist;
				LD_RUNPATH_SEARCH_PATHS = "$(inherited) @executable_path/Frameworks";
				PRODUCT_BUNDLE_IDENTIFIER = com.maoshaoqian.TextWKWebView;
				PRODUCT_NAME = "$(TARGET_NAME)";
				TARGETED_DEVICE_FAMILY = "1,2";
			};
			name = Debug;
		};
		722D3E131FEF905200F22B89 /* Release */ = {
			isa = XCBuildConfiguration;
			buildSettings = {
				ASSETCATALOG_COMPILER_APPICON_NAME = AppIcon;
				CODE_SIGN_STYLE = Automatic;
				DEVELOPMENT_TEAM = H8XYQ5SRK2;
				INFOPLIST_FILE = TextWKWebView/Info.plist;
				LD_RUNPATH_SEARCH_PATHS = "$(inherited) @executable_path/Frameworks";
				PRODUCT_BUNDLE_IDENTIFIER = com.maoshaoqian.TextWKWebView;
				PRODUCT_NAME = "$(TARGET_NAME)";
				TARGETED_DEVICE_FAMILY = "1,2";
			};
			name = Release;
		};
/* End XCBuildConfiguration section */

/* Begin XCConfigurationList section */
		722D3DF61FEF905100F22B89 /* Build configuration list for PBXProject "TextWKWebView" */ = {
			isa = XCConfigurationList;
			buildConfigurations = (
				722D3E0F1FEF905200F22B89 /* Debug */,
				722D3E101FEF905200F22B89 /* Release */,
			);
			defaultConfigurationIsVisible = 0;
			defaultConfigurationName = Release;
		};
		722D3E111FEF905200F22B89 /* Build configuration list for PBXNativeTarget "TextWKWebView" */ = {
			isa = XCConfigurationList;
			buildConfigurations = (
				722D3E121FEF905200F22B89 /* Debug */,
				722D3E131FEF905200F22B89 /* Release */,
			);
			defaultConfigurationIsVisible = 0;
			defaultConfigurationName = Release;
		};
/* End XCConfigurationList section */
	};
	rootObject = 722D3DF31FEF905100F22B89 /* Project object */;
}
